
Microsoft Visual Studio Solution File, Format Version 12.00
# Visual Studio 15
Project("{FAE04EC0-301F-11D3-BF4B-00C04F79EFBC}") = "Assembly-CSharp-Editor", "Assembly-CSharp-Editor.csproj", "{D89461C3-9F0B-3862-29FA-5D6233142854}"
EndProject
Project("{FAE04EC0-301F-11D3-BF4B-00C04F79EFBC}") = "Assembly-CSharp", "Assembly-CSharp.csproj", "{62E0B346-A703-AB02-2A49-DD0D1E1E438E}"
EndProject
Global
	GlobalSection(SolutionConfigurationPlatforms) = preSolution
		Debug|Any CPU = Debug|Any CPU
		Release|Any CPU = Release|Any CPU
	EndGlobalSection
	GlobalSection(ProjectConfigurationPlatforms) = postSolution
		{D89461C3-9F0B-3862-29FA-5D6233142854}.Debug|Any CPU.ActiveCfg = Debug|Any CPU
		{D89461C3-9F0B-3862-29FA-5D6233142854}.Debug|Any CPU.Build.0 = Debug|Any CPU
		{D89461C3-9F0B-3862-29FA-5D6233142854}.Release|Any CPU.ActiveCfg = Release|Any CPU
		{D89461C3-9F0B-3862-29FA-5D6233142854}.Release|Any CPU.Build.0 = Release|Any CPU
		{62E0B346-A703-AB02-2A49-DD0D1E1E438E}.Debug|Any CPU.ActiveCfg = Debug|Any CPU
		{62E0B346-A703-AB02-2A49-DD0D1E1E438E}.Debug|Any CPU.Build.0 = Debug|Any CPU
		{62E0B346-A703-AB02-2A49-DD0D1E1E438E}.Release|Any CPU.ActiveCfg = Release|Any CPU
		{62E0B346-A703-AB02-2A49-DD0D1E1E438E}.Release|Any CPU.Build.0 = Release|Any CPU
	EndGlobalSection
	GlobalSection(SolutionProperties) = preSolution
		HideSolutionNode = FALSE
	EndGlobalSection
EndGlobal
